
Microsoft Visual Studio Solution File, Format Version 12.00
# Visual Studio Version 17
VisualStudioVersion = 17.0.31912.275
MinimumVisualStudioVersion = 10.0.40219.1
Project("{FAE04EC0-301F-11D3-BF4B-00C04F79EFBC}") = "VLDonFeedStockApp.Android", "VLDonFeedStockApp\VLDonFeedStockApp.Android\VLDonFeedStockApp.Android.csproj", "{16E9BC0F-7946-47F1-A01E-EC8314179114}"
EndProject
Project("{FAE04EC0-301F-11D3-BF4B-00C04F79EFBC}") = "VLDonFeedStockApp.iOS", "VLDonFeedStockApp\VLDonFeedStockApp.iOS\VLDonFeedStockApp.iOS.csproj", "{31053248-129A-47AE-B6E3-4BE00B459C5A}"
EndProject
Project("{FAE04EC0-301F-11D3-BF4B-00C04F79EFBC}") = "VLDonFeedStockApp", "VLDonFeedStockApp\VLDonFeedStockApp\VLDonFeedStockApp.csproj", "{FC5FD70F-F00D-4483-B40C-0D28B06BE362}"
EndProject
Global
	GlobalSection(SolutionConfigurationPlatforms) = preSolution
		Debug|Any CPU = Debug|Any CPU
		Debug|iPhone = Debug|iPhone
		Debug|iPhoneSimulator = Debug|iPhoneSimulator
		Release|Any CPU = Release|Any CPU
		Release|iPhone = Release|iPhone
		Release|iPhoneSimulator = Release|iPhoneSimulator
	EndGlobalSection
	GlobalSection(ProjectConfigurationPlatforms) = postSolution
		{16E9BC0F-7946-47F1-A01E-EC8314179114}.Debug|Any CPU.ActiveCfg = Debug|Any CPU
		{16E9BC0F-7946-47F1-A01E-EC8314179114}.Debug|Any CPU.Build.0 = Debug|Any CPU
		{16E9BC0F-7946-47F1-A01E-EC8314179114}.Debug|Any CPU.Deploy.0 = Debug|Any CPU
		{16E9BC0F-7946-47F1-A01E-EC8314179114}.Debug|iPhone.ActiveCfg = Debug|Any CPU
		{16E9BC0F-7946-47F1-A01E-EC8314179114}.Debug|iPhone.Build.0 = Debug|Any CPU
		{16E9BC0F-7946-47F1-A01E-EC8314179114}.Debug|iPhone.Deploy.0 = Debug|Any CPU
		{16E9BC0F-7946-47F1-A01E-EC8314179114}.Debug|iPhoneSimulator.ActiveCfg = Debug|Any CPU
		{16E9BC0F-7946-47F1-A01E-EC8314179114}.Debug|iPhoneSimulator.Build.0 = Debug|Any CPU
		{16E9BC0F-7946-47F1-A01E-EC8314179114}.Debug|iPhoneSimulator.Deploy.0 = Debug|Any CPU
		{16E9BC0F-7946-47F1-A01E-EC8314179114}.Release|Any CPU.ActiveCfg = Release|Any CPU
		{16E9BC0F-7946-47F1-A01E-EC8314179114}.Release|Any CPU.Build.0 = Release|Any CPU
		{16E9BC0F-7946-47F1-A01E-EC8314179114}.Release|Any CPU.Deploy.0 = Release|Any CPU
		{16E9BC0F-7946-47F1-A01E-EC8314179114}.Release|iPhone.ActiveCfg = Release|Any CPU
		{16E9BC0F-7946-47F1-A01E-EC8314179114}.Release|iPhone.Build.0 = Release|Any CPU
		{16E9BC0F-7946-47F1-A01E-EC8314179114}.Release|iPhone.Deploy.0 = Release|Any CPU
		{16E9BC0F-7946-47F1-A01E-EC8314179114}.Release|iPhoneSimulator.ActiveCfg = Release|Any CPU
		{16E9BC0F-7946-47F1-A01E-EC8314179114}.Release|iPhoneSimulator.Build.0 = Release|Any CPU
		{16E9BC0F-7946-47F1-A01E-EC8314179114}.Release|iPhoneSimulator.Deploy.0 = Release|Any CPU
		{31053248-129A-47AE-B6E3-4BE00B459C5A}.Debug|Any CPU.ActiveCfg = Debug|iPhone
		{31053248-129A-47AE-B6E3-4BE00B459C5A}.Debug|Any CPU.Build.0 = Debug|iPhone
		{31053248-129A-47AE-B6E3-4BE00B459C5A}.Debug|Any CPU.Deploy.0 = Debug|iPhone
		{31053248-129A-47AE-B6E3-4BE00B459C5A}.Debug|iPhone.ActiveCfg = Debug|iPhone
		{31053248-129A-47AE-B6E3-4BE00B459C5A}.Debug|iPhone.Build.0 = Debug|iPhone
		{31053248-129A-47AE-B6E3-4BE00B459C5A}.Debug|iPhone.Deploy.0 = Debug|iPhone
		{31053248-129A-47AE-B6E3-4BE00B459C5A}.Debug|iPhoneSimulator.ActiveCfg = Debug|iPhoneSimulator
		{31053248-129A-47AE-B6E3-4BE00B459C5A}.Debug|iPhoneSimulator.Build.0 = Debug|iPhoneSimulator
		{31053248-129A-47AE-B6E3-4BE00B459C5A}.Debug|iPhoneSimulator.Deploy.0 = Debug|iPhoneSimulator
		{31053248-129A-47AE-B6E3-4BE00B459C5A}.Release|Any CPU.ActiveCfg = Release|iPhoneSimulator
		{31053248-129A-47AE-B6E3-4BE00B459C5A}.Release|Any CPU.Build.0 = Release|iPhoneSimulator
		{31053248-129A-47AE-B6E3-4BE00B459C5A}.Release|Any CPU.Deploy.0 = Release|iPhoneSimulator
		{31053248-129A-47AE-B6E3-4BE00B459C5A}.Release|iPhone.ActiveCfg = Release|iPhone
		{31053248-129A-47AE-B6E3-4BE00B459C5A}.Release|iPhone.Build.0 = Release|iPhone
		{31053248-129A-47AE-B6E3-4BE00B459C5A}.Release|iPhone.Deploy.0 = Release|iPhone
		{31053248-129A-47AE-B6E3-4BE00B459C5A}.Release|iPhoneSimulator.ActiveCfg = Release|iPhoneSimulator
		{31053248-129A-47AE-B6E3-4BE00B459C5A}.Release|iPhoneSimulator.Build.0 = Release|iPhoneSimulator
		{31053248-129A-47AE-B6E3-4BE00B459C5A}.Release|iPhoneSimulator.Deploy.0 = Release|iPhoneSimulator
		{FC5FD70F-F00D-4483-B40C-0D28B06BE362}.Debug|Any CPU.ActiveCfg = Debug|Any CPU
		{FC5FD70F-F00D-4483-B40C-0D28B06BE362}.Debug|Any CPU.Build.0 = Debug|Any CPU
		{FC5FD70F-F00D-4483-B40C-0D28B06BE362}.Debug|Any CPU.Deploy.0 = Debug|Any CPU
		{FC5FD70F-F00D-4483-B40C-0D28B06BE362}.Debug|iPhone.ActiveCfg = Debug|Any CPU
		{FC5FD70F-F00D-4483-B40C-0D28B06BE362}.Debug|iPhone.Build.0 = Debug|Any CPU
		{FC5FD70F-F00D-4483-B40C-0D28B06BE362}.Debug|iPhone.Deploy.0 = Debug|Any CPU
		{FC5FD70F-F00D-4483-B40C-0D28B06BE362}.Debug|iPhoneSimulator.ActiveCfg = Debug|Any CPU
		{FC5FD70F-F00D-4483-B40C-0D28B06BE362}.Debug|iPhoneSimulator.Build.0 = Debug|Any CPU
		{FC5FD70F-F00D-4483-B40C-0D28B06BE362}.Debug|iPhoneSimulator.Deploy.0 = Debug|Any CPU
		{FC5FD70F-F00D-4483-B40C-0D28B06BE362}.Release|Any CPU.ActiveCfg = Release|Any CPU
		{FC5FD70F-F00D-4483-B40C-0D28B06BE362}.Release|Any CPU.Build.0 = Release|Any CPU
		{FC5FD70F-F00D-4483-B40C-0D28B06BE362}.Release|Any CPU.Deploy.0 = Release|Any CPU
		{FC5FD70F-F00D-4483-B40C-0D28B06BE362}.Release|iPhone.ActiveCfg = Release|Any CPU
		{FC5FD70F-F00D-4483-B40C-0D28B06BE362}.Release|iPhone.Build.0 = Release|Any CPU
		{FC5FD70F-F00D-4483-B40C-0D28B06BE362}.Release|iPhone.Deploy.0 = Release|Any CPU
		{FC5FD70F-F00D-4483-B40C-0D28B06BE362}.Release|iPhoneSimulator.ActiveCfg = Release|Any CPU
		{FC5FD70F-F00D-4483-B40C-0D28B06BE362}.Release|iPhoneSimulator.Build.0 = Release|Any CPU
		{FC5FD70F-F00D-4483-B40C-0D28B06BE362}.Release|iPhoneSimulator.Deploy.0 = Release|Any CPU
	EndGlobalSection
	GlobalSection(SolutionProperties) = preSolution
		HideSolutionNode = FALSE
	EndGlobalSection
	GlobalSection(ExtensibilityGlobals) = postSolution
		SolutionGuid = {9AEA0D92-FF0A-4F75-8558-4DC6BBE0BBA6}
	EndGlobalSection
EndGlobal
